
Microsoft Visual Studio Solution File, Format Version 12.00
# Visual Studio Version 17
VisualStudioVersion = 17.11.35327.3
MinimumVisualStudioVersion = 10.0.40219.1
Project("{FAE04EC0-301F-11D3-BF4B-00C04F79EFBC}") = "HeapSort", "HeapSort\HeapSort.csproj", "{E4753CE5-9C96-42CF-9FFC-2843849CAC68}"
EndProject
Global
	GlobalSection(SolutionConfigurationPlatforms) = preSolution
		Debug|Any CPU = Debug|Any CPU
		Release|Any CPU = Release|Any CPU
	EndGlobalSection
	GlobalSection(ProjectConfigurationPlatforms) = postSolution
		{E4753CE5-9C96-42CF-9FFC-2843849CAC68}.Debug|Any CPU.ActiveCfg = Debug|Any CPU
		{E4753CE5-9C96-42CF-9FFC-2843849CAC68}.Debug|Any CPU.Build.0 = Debug|Any CPU
		{E4753CE5-9C96-42CF-9FFC-2843849CAC68}.Release|Any CPU.ActiveCfg = Release|Any CPU
		{E4753CE5-9C96-42CF-9FFC-2843849CAC68}.Release|Any CPU.Build.0 = Release|Any CPU
	EndGlobalSection
	GlobalSection(SolutionProperties) = preSolution
		HideSolutionNode = FALSE
	EndGlobalSection
	GlobalSection(ExtensibilityGlobals) = postSolution
		SolutionGuid = {38A61BBE-4EC5-4631-87F3-27C5F8168A27}
	EndGlobalSection
EndGlobal
